
Microsoft Visual Studio Solution File, Format Version 12.00
# Visual Studio 14
VisualStudioVersion = 14.0.25123.0
MinimumVisualStudioVersion = 10.0.40219.1
Project("{FAE04EC0-301F-11D3-BF4B-00C04F79EFBC}") = "EnterpriseMVCLab4", "EnterpriseMVCLab4\EnterpriseMVCLab4.csproj", "{46CD8A30-1EA6-417A-873F-720D07EE6619}"
EndProject
Project("{FAE04EC0-301F-11D3-BF4B-00C04F79EFBC}") = "EnterpriseMVCLab4.Tests", "EnterpriseMVCLab4.Tests\EnterpriseMVCLab4.Tests.csproj", "{3EA9337D-EFFC-4A5A-939C-62297492E18A}"
EndProject
Global
	GlobalSection(SolutionConfigurationPlatforms) = preSolution
		Debug|Any CPU = Debug|Any CPU
		Release|Any CPU = Release|Any CPU
	EndGlobalSection
	GlobalSection(ProjectConfigurationPlatforms) = postSolution
		{46CD8A30-1EA6-417A-873F-720D07EE6619}.Debug|Any CPU.ActiveCfg = Debug|Any CPU
		{46CD8A30-1EA6-417A-873F-720D07EE6619}.Debug|Any CPU.Build.0 = Debug|Any CPU
		{46CD8A30-1EA6-417A-873F-720D07EE6619}.Release|Any CPU.ActiveCfg = Release|Any CPU
		{46CD8A30-1EA6-417A-873F-720D07EE6619}.Release|Any CPU.Build.0 = Release|Any CPU
		{3EA9337D-EFFC-4A5A-939C-62297492E18A}.Debug|Any CPU.ActiveCfg = Debug|Any CPU
		{3EA9337D-EFFC-4A5A-939C-62297492E18A}.Debug|Any CPU.Build.0 = Debug|Any CPU
		{3EA9337D-EFFC-4A5A-939C-62297492E18A}.Release|Any CPU.ActiveCfg = Release|Any CPU
		{3EA9337D-EFFC-4A5A-939C-62297492E18A}.Release|Any CPU.Build.0 = Release|Any CPU
	EndGlobalSection
	GlobalSection(SolutionProperties) = preSolution
		HideSolutionNode = FALSE
	EndGlobalSection
EndGlobal
